
Microsoft Visual Studio Solution File, Format Version 12.00
# Visual Studio Version 17
VisualStudioVersion = 17.9.34728.123
MinimumVisualStudioVersion = 10.0.40219.1
Project("{FAE04EC0-301F-11D3-BF4B-00C04F79EFBC}") = "ejercicio11", "ejercicio11.csproj", "{7105F1F9-FCAD-42B8-9463-AC0D09525F10}"
EndProject
Global
	GlobalSection(SolutionConfigurationPlatforms) = preSolution
		Debug|Any CPU = Debug|Any CPU
		Release|Any CPU = Release|Any CPU
	EndGlobalSection
	GlobalSection(ProjectConfigurationPlatforms) = postSolution
		{7105F1F9-FCAD-42B8-9463-AC0D09525F10}.Debug|Any CPU.ActiveCfg = Debug|Any CPU
		{7105F1F9-FCAD-42B8-9463-AC0D09525F10}.Debug|Any CPU.Build.0 = Debug|Any CPU
		{7105F1F9-FCAD-42B8-9463-AC0D09525F10}.Release|Any CPU.ActiveCfg = Release|Any CPU
		{7105F1F9-FCAD-42B8-9463-AC0D09525F10}.Release|Any CPU.Build.0 = Release|Any CPU
	EndGlobalSection
	GlobalSection(SolutionProperties) = preSolution
		HideSolutionNode = FALSE
	EndGlobalSection
	GlobalSection(ExtensibilityGlobals) = postSolution
		SolutionGuid = {D0020C23-C594-4615-8FC8-85F2993E2D8A}
	EndGlobalSection
EndGlobal
