
Microsoft Visual Studio Solution File, Format Version 12.00
# Visual Studio Version 17
VisualStudioVersion = 17.9.34728.123
MinimumVisualStudioVersion = 10.0.40219.1
Project("{FAE04EC0-301F-11D3-BF4B-00C04F79EFBC}") = "ejercicio13", "ejercicio13.csproj", "{B3669EB1-9474-4CE4-AA50-F50DFBDDB079}"
EndProject
Global
	GlobalSection(SolutionConfigurationPlatforms) = preSolution
		Debug|Any CPU = Debug|Any CPU
		Release|Any CPU = Release|Any CPU
	EndGlobalSection
	GlobalSection(ProjectConfigurationPlatforms) = postSolution
		{B3669EB1-9474-4CE4-AA50-F50DFBDDB079}.Debug|Any CPU.ActiveCfg = Debug|Any CPU
		{B3669EB1-9474-4CE4-AA50-F50DFBDDB079}.Debug|Any CPU.Build.0 = Debug|Any CPU
		{B3669EB1-9474-4CE4-AA50-F50DFBDDB079}.Release|Any CPU.ActiveCfg = Release|Any CPU
		{B3669EB1-9474-4CE4-AA50-F50DFBDDB079}.Release|Any CPU.Build.0 = Release|Any CPU
	EndGlobalSection
	GlobalSection(SolutionProperties) = preSolution
		HideSolutionNode = FALSE
	EndGlobalSection
	GlobalSection(ExtensibilityGlobals) = postSolution
		SolutionGuid = {56FD4F05-2CAD-4E2C-BD93-5F4B43EE76DC}
	EndGlobalSection
EndGlobal
