
Microsoft Visual Studio Solution File, Format Version 12.00
# Visual Studio Version 17
VisualStudioVersion = 17.9.34728.123
MinimumVisualStudioVersion = 10.0.40219.1
Project("{FAE04EC0-301F-11D3-BF4B-00C04F79EFBC}") = "ejercicio 14", "ejercicio 14.csproj", "{6FF67B09-101C-48E5-BE5F-FF4F82942A00}"
EndProject
Global
	GlobalSection(SolutionConfigurationPlatforms) = preSolution
		Debug|Any CPU = Debug|Any CPU
		Release|Any CPU = Release|Any CPU
	EndGlobalSection
	GlobalSection(ProjectConfigurationPlatforms) = postSolution
		{6FF67B09-101C-48E5-BE5F-FF4F82942A00}.Debug|Any CPU.ActiveCfg = Debug|Any CPU
		{6FF67B09-101C-48E5-BE5F-FF4F82942A00}.Debug|Any CPU.Build.0 = Debug|Any CPU
		{6FF67B09-101C-48E5-BE5F-FF4F82942A00}.Release|Any CPU.ActiveCfg = Release|Any CPU
		{6FF67B09-101C-48E5-BE5F-FF4F82942A00}.Release|Any CPU.Build.0 = Release|Any CPU
	EndGlobalSection
	GlobalSection(SolutionProperties) = preSolution
		HideSolutionNode = FALSE
	EndGlobalSection
	GlobalSection(ExtensibilityGlobals) = postSolution
		SolutionGuid = {548BC947-F1F1-4114-B89B-4802C1192FA5}
	EndGlobalSection
EndGlobal
