
Microsoft Visual Studio Solution File, Format Version 12.00
# Visual Studio Version 17
VisualStudioVersion = 17.9.34728.123
MinimumVisualStudioVersion = 10.0.40219.1
Project("{FAE04EC0-301F-11D3-BF4B-00C04F79EFBC}") = "ejercicio 17", "ejercicio 17.csproj", "{0507F58A-90D4-427A-80FE-3140DD70EF8A}"
EndProject
Global
	GlobalSection(SolutionConfigurationPlatforms) = preSolution
		Debug|Any CPU = Debug|Any CPU
		Release|Any CPU = Release|Any CPU
	EndGlobalSection
	GlobalSection(ProjectConfigurationPlatforms) = postSolution
		{0507F58A-90D4-427A-80FE-3140DD70EF8A}.Debug|Any CPU.ActiveCfg = Debug|Any CPU
		{0507F58A-90D4-427A-80FE-3140DD70EF8A}.Debug|Any CPU.Build.0 = Debug|Any CPU
		{0507F58A-90D4-427A-80FE-3140DD70EF8A}.Release|Any CPU.ActiveCfg = Release|Any CPU
		{0507F58A-90D4-427A-80FE-3140DD70EF8A}.Release|Any CPU.Build.0 = Release|Any CPU
	EndGlobalSection
	GlobalSection(SolutionProperties) = preSolution
		HideSolutionNode = FALSE
	EndGlobalSection
	GlobalSection(ExtensibilityGlobals) = postSolution
		SolutionGuid = {E6477245-A8FF-4D1B-9245-64298E16FDDD}
	EndGlobalSection
EndGlobal
