
Microsoft Visual Studio Solution File, Format Version 12.00
# Visual Studio Version 17
VisualStudioVersion = 17.9.34728.123
MinimumVisualStudioVersion = 10.0.40219.1
Project("{FAE04EC0-301F-11D3-BF4B-00C04F79EFBC}") = "ejercicio 20", "ejercicio 20.csproj", "{7378EB88-0445-4ACA-BC20-0E70CFA02C06}"
EndProject
Global
	GlobalSection(SolutionConfigurationPlatforms) = preSolution
		Debug|Any CPU = Debug|Any CPU
		Release|Any CPU = Release|Any CPU
	EndGlobalSection
	GlobalSection(ProjectConfigurationPlatforms) = postSolution
		{7378EB88-0445-4ACA-BC20-0E70CFA02C06}.Debug|Any CPU.ActiveCfg = Debug|Any CPU
		{7378EB88-0445-4ACA-BC20-0E70CFA02C06}.Debug|Any CPU.Build.0 = Debug|Any CPU
		{7378EB88-0445-4ACA-BC20-0E70CFA02C06}.Release|Any CPU.ActiveCfg = Release|Any CPU
		{7378EB88-0445-4ACA-BC20-0E70CFA02C06}.Release|Any CPU.Build.0 = Release|Any CPU
	EndGlobalSection
	GlobalSection(SolutionProperties) = preSolution
		HideSolutionNode = FALSE
	EndGlobalSection
	GlobalSection(ExtensibilityGlobals) = postSolution
		SolutionGuid = {C7EDB723-5F7D-448C-ABEB-CC8FA605F63A}
	EndGlobalSection
EndGlobal
