
Microsoft Visual Studio Solution File, Format Version 12.00
# Visual Studio Version 17
VisualStudioVersion = 17.9.34728.123
MinimumVisualStudioVersion = 10.0.40219.1
Project("{FAE04EC0-301F-11D3-BF4B-00C04F79EFBC}") = "ejercicio 5", "ejercicio 5.csproj", "{D74B7E2B-DB42-42FF-A556-261B5C3B584A}"
EndProject
Global
	GlobalSection(SolutionConfigurationPlatforms) = preSolution
		Debug|Any CPU = Debug|Any CPU
		Release|Any CPU = Release|Any CPU
	EndGlobalSection
	GlobalSection(ProjectConfigurationPlatforms) = postSolution
		{D74B7E2B-DB42-42FF-A556-261B5C3B584A}.Debug|Any CPU.ActiveCfg = Debug|Any CPU
		{D74B7E2B-DB42-42FF-A556-261B5C3B584A}.Debug|Any CPU.Build.0 = Debug|Any CPU
		{D74B7E2B-DB42-42FF-A556-261B5C3B584A}.Release|Any CPU.ActiveCfg = Release|Any CPU
		{D74B7E2B-DB42-42FF-A556-261B5C3B584A}.Release|Any CPU.Build.0 = Release|Any CPU
	EndGlobalSection
	GlobalSection(SolutionProperties) = preSolution
		HideSolutionNode = FALSE
	EndGlobalSection
	GlobalSection(ExtensibilityGlobals) = postSolution
		SolutionGuid = {58AF0C2A-A147-45E1-9FCD-86801D8AB62A}
	EndGlobalSection
EndGlobal
